// !$*UTF8*$!
{
	archiveVersion = 1;
	classes = {
	};
	objectVersion = 55;
	objects = {

/* Begin PBXBuildFile section */
		530B9509280E035D004260B7 /* CommunicationsView.swift in Sources */ = {isa = PBXBuildFile; fileRef = 530B9508280E035D004260B7 /* CommunicationsView.swift */; };
		5321FE9328076E3200F970A7 /* Assets.xcassets in Resources */ = {isa = PBXBuildFile; fileRef = 5321FE9228076E3200F970A7 /* Assets.xcassets */; };
		53D564B528075B6F0021894B /* MathFactsPracticeApp.swift in Sources */ = {isa = PBXBuildFile; fileRef = 53D564B428075B6F0021894B /* MathFactsPracticeApp.swift */; };
		53D564BC28075B710021894B /* Preview Assets.xcassets in Resources */ = {isa = PBXBuildFile; fileRef = 53D564BB28075B710021894B /* Preview Assets.xcassets */; };
		53D564C328075BA60021894B /* ContentView.swift in Sources */ = {isa = PBXBuildFile; fileRef = 53D564C228075BA60021894B /* ContentView.swift */; };
		53D564C528075BB30021894B /* MathModel.swift in Sources */ = {isa = PBXBuildFile; fileRef = 53D564C428075BB30021894B /* MathModel.swift */; };
		53D564C728075BBC0021894B /* ProblemView.swift in Sources */ = {isa = PBXBuildFile; fileRef = 53D564C628075BBC0021894B /* ProblemView.swift */; };
		53D564C928075BC70021894B /* RightWrongView.swift in Sources */ = {isa = PBXBuildFile; fileRef = 53D564C828075BC70021894B /* RightWrongView.swift */; };
		53D564CB28075BD00021894B /* UserSettingsView.swift in Sources */ = {isa = PBXBuildFile; fileRef = 53D564CA28075BD00021894B /* UserSettingsView.swift */; };
		53D564CD28075BDA0021894B /* UserSettings.swift in Sources */ = {isa = PBXBuildFile; fileRef = 53D564CC28075BDA0021894B /* UserSettings.swift */; };
		53D564CF28075BE30021894B /* ProblemButtonsScores.swift in Sources */ = {isa = PBXBuildFile; fileRef = 53D564CE28075BE30021894B /* ProblemButtonsScores.swift */; };
		53D564D128075BEC0021894B /* AnswerButton.swift in Sources */ = {isa = PBXBuildFile; fileRef = 53D564D028075BEC0021894B /* AnswerButton.swift */; };
		53D564D328075BF50021894B /* AddSettingsView.swift in Sources */ = {isa = PBXBuildFile; fileRef = 53D564D228075BF50021894B /* AddSettingsView.swift */; };
		53D564D528075BFE0021894B /* SubSettingsView.swift in Sources */ = {isa = PBXBuildFile; fileRef = 53D564D428075BFE0021894B /* SubSettingsView.swift */; };
		53D564D728075C060021894B /* MulSettingsView.swift in Sources */ = {isa = PBXBuildFile; fileRef = 53D564D628075C060021894B /* MulSettingsView.swift */; };
		53D564D928075C100021894B /* DivSettingsView.swift in Sources */ = {isa = PBXBuildFile; fileRef = 53D564D828075C100021894B /* DivSettingsView.swift */; };
/* End PBXBuildFile section */

/* Begin PBXFileReference section */
		530B9508280E035D004260B7 /* CommunicationsView.swift */ = {isa = PBXFileReference; lastKnownFileType = sourcecode.swift; path = CommunicationsView.swift; sourceTree = "<group>"; };
		5321FE9228076E3200F970A7 /* Assets.xcassets */ = {isa = PBXFileReference; lastKnownFileType = folder.assetcatalog; name = Assets.xcassets; path = ../../../../../Downloads/AppIcons/Assets.xcassets; sourceTree = "<group>"; };
		53D564B128075B6F0021894B /* MathFactsPractice.app */ = {isa = PBXFileReference; explicitFileType = wrapper.application; includeInIndex = 0; path = MathFactsPractice.app; sourceTree = BUILT_PRODUCTS_DIR; };
		53D564B428075B6F0021894B /* MathFactsPracticeApp.swift */ = {isa = PBXFileReference; lastKnownFileType = sourcecode.swift; path = MathFactsPracticeApp.swift; sourceTree = "<group>"; };
		53D564BB28075B710021894B /* Preview Assets.xcassets */ = {isa = PBXFileReference; lastKnownFileType = folder.assetcatalog; path = "Preview Assets.xcassets"; sourceTree = "<group>"; };
		53D564C228075BA60021894B /* ContentView.swift */ = {isa = PBXFileReference; fileEncoding = 4; lastKnownFileType = sourcecode.swift; path = ContentView.swift; sourceTree = "<group>"; };
		53D564C428075BB30021894B /* MathModel.swift */ = {isa = PBXFileReference; fileEncoding = 4; lastKnownFileType = sourcecode.swift; path = MathModel.swift; sourceTree = "<group>"; };
		53D564C628075BBC0021894B /* ProblemView.swift */ = {isa = PBXFileReference; fileEncoding = 4; lastKnownFileType = sourcecode.swift; path = ProblemView.swift; sourceTree = "<group>"; };
		53D564C828075BC70021894B /* RightWrongView.swift */ = {isa = PBXFileReference; fileEncoding = 4; lastKnownFileType = sourcecode.swift; path = RightWrongView.swift; sourceTree = "<group>"; };
		53D564CA28075BD00021894B /* UserSettingsView.swift */ = {isa = PBXFileReference; fileEncoding = 4; lastKnownFileType = sourcecode.swift; path = UserSettingsView.swift; sourceTree = "<group>"; };
		53D564CC28075BDA0021894B /* UserSettings.swift */ = {isa = PBXFileReference; fileEncoding = 4; lastKnownFileType = sourcecode.swift; path = UserSettings.swift; sourceTree = "<group>"; };
		53D564CE28075BE30021894B /* ProblemButtonsScores.swift */ = {isa = PBXFileReference; fileEncoding = 4; lastKnownFileType = sourcecode.swift; path = ProblemButtonsScores.swift; sourceTree = "<group>"; };
		53D564D028075BEC0021894B /* AnswerButton.swift */ = {isa = PBXFileReference; fileEncoding = 4; lastKnownFileType = sourcecode.swift; path = AnswerButton.swift; sourceTree = "<group>"; };
		53D564D228075BF50021894B /* AddSettingsView.swift */ = {isa = PBXFileReference; fileEncoding = 4; lastKnownFileType = sourcecode.swift; path = AddSettingsView.swift; sourceTree = "<group>"; };
		53D564D428075BFE0021894B /* SubSettingsView.swift */ = {isa = PBXFileReference; fileEncoding = 4; lastKnownFileType = sourcecode.swift; path = SubSettingsView.swift; sourceTree = "<group>"; };
		53D564D628075C060021894B /* MulSettingsView.swift */ = {isa = PBXFileReference; fileEncoding = 4; lastKnownFileType = sourcecode.swift; path = MulSettingsView.swift; sourceTree = "<group>"; };
		53D564D828075C100021894B /* DivSettingsView.swift */ = {isa = PBXFileReference; fileEncoding = 4; lastKnownFileType = sourcecode.swift; path = DivSettingsView.swift; sourceTree = "<group>"; };
/* End PBXFileReference section */

/* Begin PBXFrameworksBuildPhase section */
		53D564AE28075B6F0021894B /* Frameworks */ = {
			isa = PBXFrameworksBuildPhase;
			buildActionMask = 2147483647;
			files = (
			);
			runOnlyForDeploymentPostprocessing = 0;
		};
/* End PBXFrameworksBuildPhase section */

/* Begin PBXGroup section */
		53D564A828075B6E0021894B = {
			isa = PBXGroup;
			children = (
				53D564B328075B6F0021894B /* MathFactsPractice */,
				53D564B228075B6F0021894B /* Products */,
			);
			sourceTree = "<group>";
		};
		53D564B228075B6F0021894B /* Products */ = {
			isa = PBXGroup;
			children = (
				53D564B128075B6F0021894B /* MathFactsPractice.app */,
			);
			name = Products;
			sourceTree = "<group>";
		};
		53D564B328075B6F0021894B /* MathFactsPractice */ = {
			isa = PBXGroup;
			children = (
				53D564B428075B6F0021894B /* MathFactsPracticeApp.swift */,
				53D564C228075BA60021894B /* ContentView.swift */,
				53D564C428075BB30021894B /* MathModel.swift */,
				53D564C628075BBC0021894B /* ProblemView.swift */,
				53D564C828075BC70021894B /* RightWrongView.swift */,
				530B9508280E035D004260B7 /* CommunicationsView.swift */,
				53D564CA28075BD00021894B /* UserSettingsView.swift */,
				53D564CC28075BDA0021894B /* UserSettings.swift */,
				53D564CE28075BE30021894B /* ProblemButtonsScores.swift */,
				53D564D028075BEC0021894B /* AnswerButton.swift */,
				53D564D228075BF50021894B /* AddSettingsView.swift */,
				53D564D428075BFE0021894B /* SubSettingsView.swift */,
				53D564D628075C060021894B /* MulSettingsView.swift */,
				53D564D828075C100021894B /* DivSettingsView.swift */,
				5321FE9228076E3200F970A7 /* Assets.xcassets */,
				53D564BA28075B710021894B /* Preview Content */,
			);
			path = MathFactsPractice;
			sourceTree = "<group>";
		};
		53D564BA28075B710021894B /* Preview Content */ = {
			isa = PBXGroup;
			children = (
				53D564BB28075B710021894B /* Preview Assets.xcassets */,
			);
			path = "Preview Content";
			sourceTree = "<group>";
		};
/* End PBXGroup section */

/* Begin PBXNativeTarget section */
		53D564B028075B6F0021894B /* MathFactsPractice */ = {
			isa = PBXNativeTarget;
			buildConfigurationList = 53D564BF28075B710021894B /* Build configuration list for PBXNativeTarget "MathFactsPractice" */;
			buildPhases = (
				53D564AD28075B6F0021894B /* Sources */,
				53D564AE28075B6F0021894B /* Frameworks */,
				53D564AF28075B6F0021894B /* Resources */,
			);
			buildRules = (
			);
			dependencies = (
			);
			name = MathFactsPractice;
			productName = MathFactsPractice;
			productReference = 53D564B128075B6F0021894B /* MathFactsPractice.app */;
			productType = "com.apple.product-type.application";
		};
/* End PBXNativeTarget section */

/* Begin PBXProject section */
		53D564A928075B6E0021894B /* Project object */ = {
			isa = PBXProject;
			attributes = {
				BuildIndependentTargetsInParallel = 1;
				LastSwiftUpdateCheck = 1330;
				LastUpgradeCheck = 1330;
				TargetAttributes = {
					53D564B028075B6F0021894B = {
						CreatedOnToolsVersion = 13.3.1;
					};
				};
			};
			buildConfigurationList = 53D564AC28075B6E0021894B /* Build configuration list for PBXProject "MathFactsPractice" */;
			compatibilityVersion = "Xcode 13.0";
			developmentRegion = en;
			hasScannedForEncodings = 0;
			knownRegions = (
				en,
				Base,
			);
			mainGroup = 53D564A828075B6E0021894B;
			productRefGroup = 53D564B228075B6F0021894B /* Products */;
			projectDirPath = "";
			projectRoot = "";
			targets = (
				53D564B028075B6F0021894B /* MathFactsPractice */,
			);
		};
/* End PBXProject section */

/* Begin PBXResourcesBuildPhase section */
		53D564AF28075B6F0021894B /* Resources */ = {
			isa = PBXResourcesBuildPhase;
			buildActionMask = 2147483647;
			files = (
				53D564BC28075B710021894B /* Preview Assets.xcassets in Resources */,
				5321FE9328076E3200F970A7 /* Assets.xcassets in Resources */,
			);
			runOnlyForDeploymentPostprocessing = 0;
		};
/* End PBXResourcesBuildPhase section */

/* Begin PBXSourcesBuildPhase section */
		53D564AD28075B6F0021894B /* Sources */ = {
			isa = PBXSourcesBuildPhase;
			buildActionMask = 2147483647;
			files = (
				53D564C728075BBC0021894B /* ProblemView.swift in Sources */,
				53D564C328075BA60021894B /* ContentView.swift in Sources */,
				53D564C528075BB30021894B /* MathModel.swift in Sources */,
				53D564C928075BC70021894B /* RightWrongView.swift in Sources */,
				53D564CF28075BE30021894B /* ProblemButtonsScores.swift in Sources */,
				530B9509280E035D004260B7 /* CommunicationsView.swift in Sources */,
				53D564D328075BF50021894B /* AddSettingsView.swift in Sources */,
				53D564D728075C060021894B /* MulSettingsView.swift in Sources */,
				53D564D128075BEC0021894B /* AnswerButton.swift in Sources */,
				53D564CD28075BDA0021894B /* UserSettings.swift in Sources */,
				53D564CB28075BD00021894B /* UserSettingsView.swift in Sources */,
				53D564B528075B6F0021894B /* MathFactsPracticeApp.swift in Sources */,
				53D564D928075C100021894B /* DivSettingsView.swift in Sources */,
				53D564D528075BFE0021894B /* SubSettingsView.swift in Sources */,
			);
			runOnlyForDeploymentPostprocessing = 0;
		};
/* End PBXSourcesBuildPhase section */

/* Begin XCBuildConfiguration section */
		53D564BD28075B710021894B /* Debug */ = {
			isa = XCBuildConfiguration;
			buildSettings = {
				ALWAYS_SEARCH_USER_PATHS = NO;
				CLANG_ANALYZER_NONNULL = YES;
				CLANG_ANALYZER_NUMBER_OBJECT_CONVERSION = YES_AGGRESSIVE;
				CLANG_CXX_LANGUAGE_STANDARD = "gnu++17";
				CLANG_ENABLE_MODULES = YES;
				CLANG_ENABLE_OBJC_ARC = YES;
				CLANG_ENABLE_OBJC_WEAK = YES;
				CLANG_WARN_BLOCK_CAPTURE_AUTORELEASING = YES;
				CLANG_WARN_BOOL_CONVERSION = YES;
				CLANG_WARN_COMMA = YES;
				CLANG_WARN_CONSTANT_CONVERSION = YES;
				CLANG_WARN_DEPRECATED_OBJC_IMPLEMENTATIONS = YES;
				CLANG_WARN_DIRECT_OBJC_ISA_USAGE = YES_ERROR;
				CLANG_WARN_DOCUMENTATION_COMMENTS = YES;
				CLANG_WARN_EMPTY_BODY = YES;
				CLANG_WARN_ENUM_CONVERSION = YES;
				CLANG_WARN_INFINITE_RECURSION = YES;
				CLANG_WARN_INT_CONVERSION = YES;
				CLANG_WARN_NON_LITERAL_NULL_CONVERSION = YES;
				CLANG_WARN_OBJC_IMPLICIT_RETAIN_SELF = YES;
				CLANG_WARN_OBJC_LITERAL_CONVERSION = YES;
				CLANG_WARN_OBJC_ROOT_CLASS = YES_ERROR;
				CLANG_WARN_QUOTED_INCLUDE_IN_FRAMEWORK_HEADER = YES;
				CLANG_WARN_RANGE_LOOP_ANALYSIS = YES;
				CLANG_WARN_STRICT_PROTOTYPES = YES;
				CLANG_WARN_SUSPICIOUS_MOVE = YES;
				CLANG_WARN_UNGUARDED_AVAILABILITY = YES_AGGRESSIVE;
				CLANG_WARN_UNREACHABLE_CODE = YES;
				CLANG_WARN__DUPLICATE_METHOD_MATCH = YES;
				COPY_PHASE_STRIP = NO;
				DEBUG_INFORMATION_FORMAT = dwarf;
				ENABLE_STRICT_OBJC_MSGSEND = YES;
				ENABLE_TESTABILITY = YES;
				GCC_C_LANGUAGE_STANDARD = gnu11;
				GCC_DYNAMIC_NO_PIC = NO;
				GCC_NO_COMMON_BLOCKS = YES;
				GCC_OPTIMIZATION_LEVEL = 0;
				GCC_PREPROCESSOR_DEFINITIONS = (
					"DEBUG=1",
					"$(inherited)",
				);
				GCC_WARN_64_TO_32_BIT_CONVERSION = YES;
				GCC_WARN_ABOUT_RETURN_TYPE = YES_ERROR;
				GCC_WARN_UNDECLARED_SELECTOR = YES;
				GCC_WARN_UNINITIALIZED_AUTOS = YES_AGGRESSIVE;
				GCC_WARN_UNUSED_FUNCTION = YES;
				GCC_WARN_UNUSED_VARIABLE = YES;
				IPHONEOS_DEPLOYMENT_TARGET = 15.4;
				MTL_ENABLE_DEBUG_INFO = INCLUDE_SOURCE;
				MTL_FAST_MATH = YES;
				ONLY_ACTIVE_ARCH = YES;
				SDKROOT = iphoneos;
				SWIFT_ACTIVE_COMPILATION_CONDITIONS = DEBUG;
				SWIFT_OPTIMIZATION_LEVEL = "-Onone";
			};
			name = Debug;
		};
		53D564BE28075B710021894B /* Release */ = {
			isa = XCBuildConfiguration;
			buildSettings = {
				ALWAYS_SEARCH_USER_PATHS = NO;
				CLANG_ANALYZER_NONNULL = YES;
				CLANG_ANALYZER_NUMBER_OBJECT_CONVERSION = YES_AGGRESSIVE;
				CLANG_CXX_LANGUAGE_STANDARD = "gnu++17";
				CLANG_ENABLE_MODULES = YES;
				CLANG_ENABLE_OBJC_ARC = YES;
				CLANG_ENABLE_OBJC_WEAK = YES;
				CLANG_WARN_BLOCK_CAPTURE_AUTORELEASING = YES;
				CLANG_WARN_BOOL_CONVERSION = YES;
				CLANG_WARN_COMMA = YES;
				CLANG_WARN_CONSTANT_CONVERSION = YES;
				CLANG_WARN_DEPRECATED_OBJC_IMPLEMENTATIONS = YES;
				CLANG_WARN_DIRECT_OBJC_ISA_USAGE = YES_ERROR;
				CLANG_WARN_DOCUMENTATION_COMMENTS = YES;
				CLANG_WARN_EMPTY_BODY = YES;
				CLANG_WARN_ENUM_CONVERSION = YES;
				CLANG_WARN_INFINITE_RECURSION = YES;
				CLANG_WARN_INT_CONVERSION = YES;
				CLANG_WARN_NON_LITERAL_NULL_CONVERSION = YES;
				CLANG_WARN_OBJC_IMPLICIT_RETAIN_SELF = YES;
				CLANG_WARN_OBJC_LITERAL_CONVERSION = YES;
				CLANG_WARN_OBJC_ROOT_CLASS = YES_ERROR;
				CLANG_WARN_QUOTED_INCLUDE_IN_FRAMEWORK_HEADER = YES;
				CLANG_WARN_RANGE_LOOP_ANALYSIS = YES;
				CLANG_WARN_STRICT_PROTOTYPES = YES;
				CLANG_WARN_SUSPICIOUS_MOVE = YES;
				CLANG_WARN_UNGUARDED_AVAILABILITY = YES_AGGRESSIVE;
				CLANG_WARN_UNREACHABLE_CODE = YES;
				CLANG_WARN__DUPLICATE_METHOD_MATCH = YES;
				COPY_PHASE_STRIP = NO;
				DEBUG_INFORMATION_FORMAT = "dwarf-with-dsym";
				ENABLE_NS_ASSERTIONS = NO;
				ENABLE_STRICT_OBJC_MSGSEND = YES;
				GCC_C_LANGUAGE_STANDARD = gnu11;
				GCC_NO_COMMON_BLOCKS = YES;
				GCC_WARN_64_TO_32_BIT_CONVERSION = YES;
				GCC_WARN_ABOUT_RETURN_TYPE = YES_ERROR;
				GCC_WARN_UNDECLARED_SELECTOR = YES;
				GCC_WARN_UNINITIALIZED_AUTOS = YES_AGGRESSIVE;
				GCC_WARN_UNUSED_FUNCTION = YES;
				GCC_WARN_UNUSED_VARIABLE = YES;
				IPHONEOS_DEPLOYMENT_TARGET = 15.4;
				MTL_ENABLE_DEBUG_INFO = NO;
				MTL_FAST_MATH = YES;
				SDKROOT = iphoneos;
				SWIFT_COMPILATION_MODE = wholemodule;
				SWIFT_OPTIMIZATION_LEVEL = "-O";
				VALIDATE_PRODUCT = YES;
			};
			name = Release;
		};
		53D564C028075B710021894B /* Debug */ = {
			isa = XCBuildConfiguration;
			buildSettings = {
				ASSETCATALOG_COMPILER_APPICON_NAME = AppIcon;
				ASSETCATALOG_COMPILER_GLOBAL_ACCENT_COLOR_NAME = AccentColor;
				CODE_SIGN_STYLE = Automatic;
				CURRENT_PROJECT_VERSION = 1;
				DEVELOPMENT_ASSET_PATHS = "\"MathFactsPractice/Preview Content\"";
				DEVELOPMENT_TEAM = 8GFL38QM4Q;
				ENABLE_PREVIEWS = YES;
				GENERATE_INFOPLIST_FILE = YES;
				INFOPLIST_KEY_UIApplicationSceneManifest_Generation = YES;
				INFOPLIST_KEY_UIApplicationSupportsIndirectInputEvents = YES;
				INFOPLIST_KEY_UILaunchScreen_Generation = YES;
				INFOPLIST_KEY_UISupportedInterfaceOrientations_iPad = "UIInterfaceOrientationPortrait UIInterfaceOrientationPortraitUpsideDown UIInterfaceOrientationLandscapeLeft UIInterfaceOrientationLandscapeRight";
				INFOPLIST_KEY_UISupportedInterfaceOrientations_iPhone = "UIInterfaceOrientationPortrait UIInterfaceOrientationLandscapeLeft UIInterfaceOrientationLandscapeRight";
				LD_RUNPATH_SEARCH_PATHS = (
					"$(inherited)",
					"@executable_path/Frameworks",
				);
				MARKETING_VERSION = 1.0;
				PRODUCT_BUNDLE_IDENTIFIER = com.CasaAdobeSoftware.MathFactsPractice;
				PRODUCT_NAME = "$(TARGET_NAME)";
				SWIFT_EMIT_LOC_STRINGS = YES;
				SWIFT_VERSION = 5.0;
				TARGETED_DEVICE_FAMILY = "1,2";
			};
			name = Debug;
		};
		53D564C128075B710021894B /* Release */ = {
			isa = XCBuildConfiguration;
			buildSettings = {
				ASSETCATALOG_COMPILER_APPICON_NAME = AppIcon;
				ASSETCATALOG_COMPILER_GLOBAL_ACCENT_COLOR_NAME = AccentColor;
				CODE_SIGN_STYLE = Automatic;
				CURRENT_PROJECT_VERSION = 1;
				DEVELOPMENT_ASSET_PATHS = "\"MathFactsPractice/Preview Content\"";
				DEVELOPMENT_TEAM = 8GFL38QM4Q;
				ENABLE_PREVIEWS = YES;
				GENERATE_INFOPLIST_FILE = YES;
				INFOPLIST_KEY_UIApplicationSceneManifest_Generation = YES;
				INFOPLIST_KEY_UIApplicationSupportsIndirectInputEvents = YES;
				INFOPLIST_KEY_UILaunchScreen_Generation = YES;
				INFOPLIST_KEY_UISupportedInterfaceOrientations_iPad = "UIInterfaceOrientationPortrait UIInterfaceOrientationPortraitUpsideDown UIInterfaceOrientationLandscapeLeft UIInterfaceOrientationLandscapeRight";
				INFOPLIST_KEY_UISupportedInterfaceOrientations_iPhone = "UIInterfaceOrientationPortrait UIInterfaceOrientationLandscapeLeft UIInterfaceOrientationLandscapeRight";
				LD_RUNPATH_SEARCH_PATHS = (
					"$(inherited)",
					"@executable_path/Frameworks",
				);
				MARKETING_VERSION = 1.0;
				PRODUCT_BUNDLE_IDENTIFIER = com.CasaAdobeSoftware.MathFactsPractice;
				PRODUCT_NAME = "$(TARGET_NAME)";
				SWIFT_EMIT_LOC_STRINGS = YES;
				SWIFT_VERSION = 5.0;
				TARGETED_DEVICE_FAMILY = "1,2";
			};
			name = Release;
		};
/* End XCBuildConfiguration section */

/* Begin XCConfigurationList section */
		53D564AC28075B6E0021894B /* Build configuration list for PBXProject "MathFactsPractice" */ = {
			isa = XCConfigurationList;
			buildConfigurations = (
				53D564BD28075B710021894B /* Debug */,
				53D564BE28075B710021894B /* Release */,
			);
			defaultConfigurationIsVisible = 0;
			defaultConfigurationName = Release;
		};
		53D564BF28075B710021894B /* Build configuration list for PBXNativeTarget "MathFactsPractice" */ = {
			isa = XCConfigurationList;
			buildConfigurations = (
				53D564C028075B710021894B /* Debug */,
				53D564C128075B710021894B /* Release */,
			);
			defaultConfigurationIsVisible = 0;
			defaultConfigurationName = Release;
		};
/* End XCConfigurationList section */
	};
	rootObject = 53D564A928075B6E0021894B /* Project object */;
}
